
Microsoft Visual Studio Solution File, Format Version 12.00
# Visual Studio Version 17
VisualStudioVersion = 17.0.31717.71
MinimumVisualStudioVersion = 10.0.40219.1
Project("{FAE04EC0-301F-11D3-BF4B-00C04F79EFBC}") = "ArrayCalc", "ArrayCalc\ArrayCalc.csproj", "{F75564E8-32C4-4B3D-A6ED-7E63C676C67B}"
EndProject
Global
	GlobalSection(SolutionConfigurationPlatforms) = preSolution
		Debug|Any CPU = Debug|Any CPU
		Release|Any CPU = Release|Any CPU
	EndGlobalSection
	GlobalSection(ProjectConfigurationPlatforms) = postSolution
		{F75564E8-32C4-4B3D-A6ED-7E63C676C67B}.Debug|Any CPU.ActiveCfg = Debug|Any CPU
		{F75564E8-32C4-4B3D-A6ED-7E63C676C67B}.Debug|Any CPU.Build.0 = Debug|Any CPU
		{F75564E8-32C4-4B3D-A6ED-7E63C676C67B}.Release|Any CPU.ActiveCfg = Release|Any CPU
		{F75564E8-32C4-4B3D-A6ED-7E63C676C67B}.Release|Any CPU.Build.0 = Release|Any CPU
	EndGlobalSection
	GlobalSection(SolutionProperties) = preSolution
		HideSolutionNode = FALSE
	EndGlobalSection
	GlobalSection(ExtensibilityGlobals) = postSolution
		SolutionGuid = {99BEEE83-E3BD-4E93-A6CD-526B4A0B1DCA}
	EndGlobalSection
EndGlobal
