
Microsoft Visual Studio Solution File, Format Version 12.00
# Visual Studio Version 17
VisualStudioVersion = 17.0.31912.275
MinimumVisualStudioVersion = 10.0.40219.1
Project("{9A19103F-16F7-4668-BE54-9A1E7A4F7556}") = "Singleton12", "Singleton12\Singleton12.csproj", "{FE14EF34-4E23-42B3-A30D-D2993E5589AF}"
EndProject
Project("{FAE04EC0-301F-11D3-BF4B-00C04F79EFBC}") = "NInstancji", "NInstancji\NInstancji.csproj", "{0C1668E9-A876-48D3-8E13-B5D1D6EB9241}"
EndProject
Global
	GlobalSection(SolutionConfigurationPlatforms) = preSolution
		Debug|Any CPU = Debug|Any CPU
		Release|Any CPU = Release|Any CPU
	EndGlobalSection
	GlobalSection(ProjectConfigurationPlatforms) = postSolution
		{FE14EF34-4E23-42B3-A30D-D2993E5589AF}.Debug|Any CPU.ActiveCfg = Debug|Any CPU
		{FE14EF34-4E23-42B3-A30D-D2993E5589AF}.Debug|Any CPU.Build.0 = Debug|Any CPU
		{FE14EF34-4E23-42B3-A30D-D2993E5589AF}.Release|Any CPU.ActiveCfg = Release|Any CPU
		{FE14EF34-4E23-42B3-A30D-D2993E5589AF}.Release|Any CPU.Build.0 = Release|Any CPU
		{0C1668E9-A876-48D3-8E13-B5D1D6EB9241}.Debug|Any CPU.ActiveCfg = Debug|Any CPU
		{0C1668E9-A876-48D3-8E13-B5D1D6EB9241}.Debug|Any CPU.Build.0 = Debug|Any CPU
		{0C1668E9-A876-48D3-8E13-B5D1D6EB9241}.Release|Any CPU.ActiveCfg = Release|Any CPU
		{0C1668E9-A876-48D3-8E13-B5D1D6EB9241}.Release|Any CPU.Build.0 = Release|Any CPU
	EndGlobalSection
	GlobalSection(SolutionProperties) = preSolution
		HideSolutionNode = FALSE
	EndGlobalSection
	GlobalSection(ExtensibilityGlobals) = postSolution
		SolutionGuid = {B00D8420-8220-46CC-83DB-46B594F20F81}
	EndGlobalSection
EndGlobal
