
Microsoft Visual Studio Solution File, Format Version 12.00
# Visual Studio Version 17
VisualStudioVersion = 17.0.32014.148
MinimumVisualStudioVersion = 10.0.40219.1
Project("{FAE04EC0-301F-11D3-BF4B-00C04F79EFBC}") = "NugetPackage", "NugetPackage\NugetPackage.csproj", "{2BDB6613-ACD8-4CB2-9BD1-F190105B7100}"
EndProject
Global
	GlobalSection(SolutionConfigurationPlatforms) = preSolution
		Debug|Any CPU = Debug|Any CPU
		Release|Any CPU = Release|Any CPU
	EndGlobalSection
	GlobalSection(ProjectConfigurationPlatforms) = postSolution
		{2BDB6613-ACD8-4CB2-9BD1-F190105B7100}.Debug|Any CPU.ActiveCfg = Debug|Any CPU
		{2BDB6613-ACD8-4CB2-9BD1-F190105B7100}.Debug|Any CPU.Build.0 = Debug|Any CPU
		{2BDB6613-ACD8-4CB2-9BD1-F190105B7100}.Release|Any CPU.ActiveCfg = Release|Any CPU
		{2BDB6613-ACD8-4CB2-9BD1-F190105B7100}.Release|Any CPU.Build.0 = Release|Any CPU
	EndGlobalSection
	GlobalSection(SolutionProperties) = preSolution
		HideSolutionNode = FALSE
	EndGlobalSection
	GlobalSection(ExtensibilityGlobals) = postSolution
		SolutionGuid = {9C9DC3EC-8298-4702-AA0F-A870E5AC6140}
	EndGlobalSection
EndGlobal
